// !$*UTF8*$!
{
	archiveVersion = 1;
	classes = {
	};
	objectVersion = 56;
	objects = {

/* Begin PBXBuildFile section */
		1F651A9F2C794CFA002D9993 /* AppDelegate.swift in Sources */ = {isa = PBXBuildFile; fileRef = 1F651A9E2C794CFA002D9993 /* AppDelegate.swift */; };
		1F651AA12C794CFA002D9993 /* SceneDelegate.swift in Sources */ = {isa = PBXBuildFile; fileRef = 1F651AA02C794CFA002D9993 /* SceneDelegate.swift */; };
		1F651AA92C794CFA002D9993 /* ToDoList.xcdatamodeld in Sources */ = {isa = PBXBuildFile; fileRef = 1F651AA72C794CFA002D9993 /* ToDoList.xcdatamodeld */; };
		1F651AAB2C794CFC002D9993 /* Assets.xcassets in Resources */ = {isa = PBXBuildFile; fileRef = 1F651AAA2C794CFC002D9993 /* Assets.xcassets */; };
		1F651AAE2C794CFC002D9993 /* Base in Resources */ = {isa = PBXBuildFile; fileRef = 1F651AAD2C794CFC002D9993 /* Base */; };
		1F651AB72C794D6E002D9993 /* SnapKit in Frameworks */ = {isa = PBXBuildFile; productRef = 1F651AB62C794D6E002D9993 /* SnapKit */; };
		1F651AC42C794EFA002D9993 /* TasksViewController.swift in Sources */ = {isa = PBXBuildFile; fileRef = 1F651AC32C794EFA002D9993 /* TasksViewController.swift */; };
		1F651AC92C79506F002D9993 /* TaskViewController.swift in Sources */ = {isa = PBXBuildFile; fileRef = 1F651AC82C79506F002D9993 /* TaskViewController.swift */; };
		1F651ACC2C7A2E0F002D9993 /* TasksTableViewController.swift in Sources */ = {isa = PBXBuildFile; fileRef = 1F651ACB2C7A2E0F002D9993 /* TasksTableViewController.swift */; };
		1F651AD42C7A3047002D9993 /* UIView+Ext.swift in Sources */ = {isa = PBXBuildFile; fileRef = 1F651AD32C7A3047002D9993 /* UIView+Ext.swift */; };
		1F651AD62C7A30A4002D9993 /* UITableViewCell+Ext.swift in Sources */ = {isa = PBXBuildFile; fileRef = 1F651AD52C7A30A4002D9993 /* UITableViewCell+Ext.swift */; };
		1F651AD82C7A30D8002D9993 /* Constants.swift in Sources */ = {isa = PBXBuildFile; fileRef = 1F651AD72C7A30D8002D9993 /* Constants.swift */; };
		1F651ADB2C7A319B002D9993 /* TaskCell.swift in Sources */ = {isa = PBXBuildFile; fileRef = 1F651ADA2C7A319B002D9993 /* TaskCell.swift */; };
		1F651ADD2C7A3367002D9993 /* TDLabel.swift in Sources */ = {isa = PBXBuildFile; fileRef = 1F651ADC2C7A3367002D9993 /* TDLabel.swift */; };
		1F651ADF2C7A336D002D9993 /* TDButton.swift in Sources */ = {isa = PBXBuildFile; fileRef = 1F651ADE2C7A336D002D9993 /* TDButton.swift */; };
		1F651AE12C7A33E6002D9993 /* UIFont+Ext.swift in Sources */ = {isa = PBXBuildFile; fileRef = 1F651AE02C7A33E6002D9993 /* UIFont+Ext.swift */; };
		1F651AE32C7A360D002D9993 /* UIStackView+Ext.swift in Sources */ = {isa = PBXBuildFile; fileRef = 1F651AE22C7A360D002D9993 /* UIStackView+Ext.swift */; };
		1F651AE92C7A62A0002D9993 /* Date+Ext.swift in Sources */ = {isa = PBXBuildFile; fileRef = 1F651AE82C7A62A0002D9993 /* Date+Ext.swift */; };
		1F651AEB2C7A6CDD002D9993 /* NetworkService.swift in Sources */ = {isa = PBXBuildFile; fileRef = 1F651AEA2C7A6CDD002D9993 /* NetworkService.swift */; };
		1F651AED2C7A6D9C002D9993 /* Task.swift in Sources */ = {isa = PBXBuildFile; fileRef = 1F651AEC2C7A6D9C002D9993 /* Task.swift */; };
		1F651AEF2C7A7311002D9993 /* UserDefaultsService.swift in Sources */ = {isa = PBXBuildFile; fileRef = 1F651AEE2C7A7311002D9993 /* UserDefaultsService.swift */; };
		1F651AF12C7A741D002D9993 /* CoreDataService.swift in Sources */ = {isa = PBXBuildFile; fileRef = 1F651AF02C7A741D002D9993 /* CoreDataService.swift */; };
		1F651AF52C7A794B002D9993 /* Task+CoreDataProperties.swift in Sources */ = {isa = PBXBuildFile; fileRef = 1F651AF32C7A794B002D9993 /* Task+CoreDataProperties.swift */; };
		1F651AF72C7A7E35002D9993 /* LoadingScreenManager.swift in Sources */ = {isa = PBXBuildFile; fileRef = 1F651AF62C7A7E35002D9993 /* LoadingScreenManager.swift */; };
		1F651AFC2C7A7F43002D9993 /* TasksInteractor.swift in Sources */ = {isa = PBXBuildFile; fileRef = 1F651AFB2C7A7F43002D9993 /* TasksInteractor.swift */; };
		1F651AFE2C7A88E6002D9993 /* TasksPresenter.swift in Sources */ = {isa = PBXBuildFile; fileRef = 1F651AFD2C7A88E6002D9993 /* TasksPresenter.swift */; };
		1F651B002C7A8C98002D9993 /* UIViewController+Ext.swift in Sources */ = {isa = PBXBuildFile; fileRef = 1F651AFF2C7A8C98002D9993 /* UIViewController+Ext.swift */; };
		1F651B022C7A8DA6002D9993 /* TasksRouter.swift in Sources */ = {isa = PBXBuildFile; fileRef = 1F651B012C7A8DA6002D9993 /* TasksRouter.swift */; };
/* End PBXBuildFile section */

/* Begin PBXFileReference section */
		1F651A9B2C794CFA002D9993 /* ToDoList.app */ = {isa = PBXFileReference; explicitFileType = wrapper.application; includeInIndex = 0; path = ToDoList.app; sourceTree = BUILT_PRODUCTS_DIR; };
		1F651A9E2C794CFA002D9993 /* AppDelegate.swift */ = {isa = PBXFileReference; lastKnownFileType = sourcecode.swift; path = AppDelegate.swift; sourceTree = "<group>"; };
		1F651AA02C794CFA002D9993 /* SceneDelegate.swift */ = {isa = PBXFileReference; lastKnownFileType = sourcecode.swift; path = SceneDelegate.swift; sourceTree = "<group>"; };
		1F651AA82C794CFA002D9993 /* ToDoList.xcdatamodel */ = {isa = PBXFileReference; lastKnownFileType = wrapper.xcdatamodel; path = ToDoList.xcdatamodel; sourceTree = "<group>"; };
		1F651AAA2C794CFC002D9993 /* Assets.xcassets */ = {isa = PBXFileReference; lastKnownFileType = folder.assetcatalog; path = Assets.xcassets; sourceTree = "<group>"; };
		1F651AAD2C794CFC002D9993 /* Base */ = {isa = PBXFileReference; lastKnownFileType = file.storyboard; name = Base; path = Base.lproj/LaunchScreen.storyboard; sourceTree = "<group>"; };
		1F651AAF2C794CFC002D9993 /* Info.plist */ = {isa = PBXFileReference; lastKnownFileType = text.plist.xml; path = Info.plist; sourceTree = "<group>"; };
		1F651AC32C794EFA002D9993 /* TasksViewController.swift */ = {isa = PBXFileReference; lastKnownFileType = sourcecode.swift; path = TasksViewController.swift; sourceTree = "<group>"; };
		1F651AC82C79506F002D9993 /* TaskViewController.swift */ = {isa = PBXFileReference; lastKnownFileType = sourcecode.swift; path = TaskViewController.swift; sourceTree = "<group>"; };
		1F651ACB2C7A2E0F002D9993 /* TasksTableViewController.swift */ = {isa = PBXFileReference; lastKnownFileType = sourcecode.swift; path = TasksTableViewController.swift; sourceTree = "<group>"; };
		1F651AD32C7A3047002D9993 /* UIView+Ext.swift */ = {isa = PBXFileReference; lastKnownFileType = sourcecode.swift; path = "UIView+Ext.swift"; sourceTree = "<group>"; };
		1F651AD52C7A30A4002D9993 /* UITableViewCell+Ext.swift */ = {isa = PBXFileReference; lastKnownFileType = sourcecode.swift; path = "UITableViewCell+Ext.swift"; sourceTree = "<group>"; };
		1F651AD72C7A30D8002D9993 /* Constants.swift */ = {isa = PBXFileReference; lastKnownFileType = sourcecode.swift; path = Constants.swift; sourceTree = "<group>"; };
		1F651ADA2C7A319B002D9993 /* TaskCell.swift */ = {isa = PBXFileReference; lastKnownFileType = sourcecode.swift; path = TaskCell.swift; sourceTree = "<group>"; };
		1F651ADC2C7A3367002D9993 /* TDLabel.swift */ = {isa = PBXFileReference; lastKnownFileType = sourcecode.swift; path = TDLabel.swift; sourceTree = "<group>"; };
		1F651ADE2C7A336D002D9993 /* TDButton.swift */ = {isa = PBXFileReference; lastKnownFileType = sourcecode.swift; path = TDButton.swift; sourceTree = "<group>"; };
		1F651AE02C7A33E6002D9993 /* UIFont+Ext.swift */ = {isa = PBXFileReference; lastKnownFileType = sourcecode.swift; path = "UIFont+Ext.swift"; sourceTree = "<group>"; };
		1F651AE22C7A360D002D9993 /* UIStackView+Ext.swift */ = {isa = PBXFileReference; lastKnownFileType = sourcecode.swift; path = "UIStackView+Ext.swift"; sourceTree = "<group>"; };
		1F651AE82C7A62A0002D9993 /* Date+Ext.swift */ = {isa = PBXFileReference; lastKnownFileType = sourcecode.swift; path = "Date+Ext.swift"; sourceTree = "<group>"; };
		1F651AEA2C7A6CDD002D9993 /* NetworkService.swift */ = {isa = PBXFileReference; lastKnownFileType = sourcecode.swift; path = NetworkService.swift; sourceTree = "<group>"; };
		1F651AEC2C7A6D9C002D9993 /* Task.swift */ = {isa = PBXFileReference; lastKnownFileType = sourcecode.swift; path = Task.swift; sourceTree = "<group>"; };
		1F651AEE2C7A7311002D9993 /* UserDefaultsService.swift */ = {isa = PBXFileReference; lastKnownFileType = sourcecode.swift; path = UserDefaultsService.swift; sourceTree = "<group>"; };
		1F651AF02C7A741D002D9993 /* CoreDataService.swift */ = {isa = PBXFileReference; lastKnownFileType = sourcecode.swift; path = CoreDataService.swift; sourceTree = "<group>"; };
		1F651AF32C7A794B002D9993 /* Task+CoreDataProperties.swift */ = {isa = PBXFileReference; lastKnownFileType = sourcecode.swift; path = "Task+CoreDataProperties.swift"; sourceTree = "<group>"; };
		1F651AF62C7A7E35002D9993 /* LoadingScreenManager.swift */ = {isa = PBXFileReference; lastKnownFileType = sourcecode.swift; path = LoadingScreenManager.swift; sourceTree = "<group>"; };
		1F651AFB2C7A7F43002D9993 /* TasksInteractor.swift */ = {isa = PBXFileReference; lastKnownFileType = sourcecode.swift; path = TasksInteractor.swift; sourceTree = "<group>"; };
		1F651AFD2C7A88E6002D9993 /* TasksPresenter.swift */ = {isa = PBXFileReference; lastKnownFileType = sourcecode.swift; path = TasksPresenter.swift; sourceTree = "<group>"; };
		1F651AFF2C7A8C98002D9993 /* UIViewController+Ext.swift */ = {isa = PBXFileReference; lastKnownFileType = sourcecode.swift; path = "UIViewController+Ext.swift"; sourceTree = "<group>"; };
		1F651B012C7A8DA6002D9993 /* TasksRouter.swift */ = {isa = PBXFileReference; lastKnownFileType = sourcecode.swift; path = TasksRouter.swift; sourceTree = "<group>"; };
/* End PBXFileReference section */

/* Begin PBXFrameworksBuildPhase section */
		1F651A982C794CFA002D9993 /* Frameworks */ = {
			isa = PBXFrameworksBuildPhase;
			buildActionMask = 2147483647;
			files = (
				1F651AB72C794D6E002D9993 /* SnapKit in Frameworks */,
			);
			runOnlyForDeploymentPostprocessing = 0;
		};
/* End PBXFrameworksBuildPhase section */

/* Begin PBXGroup section */
		1F651A922C794CFA002D9993 = {
			isa = PBXGroup;
			children = (
				1F651A9D2C794CFA002D9993 /* ToDoList */,
				1F651A9C2C794CFA002D9993 /* Products */,
			);
			sourceTree = "<group>";
		};
		1F651A9C2C794CFA002D9993 /* Products */ = {
			isa = PBXGroup;
			children = (
				1F651A9B2C794CFA002D9993 /* ToDoList.app */,
			);
			name = Products;
			sourceTree = "<group>";
		};
		1F651A9D2C794CFA002D9993 /* ToDoList */ = {
			isa = PBXGroup;
			children = (
				1F651AB82C794D84002D9993 /* Application */,
				1F651AB92C794D8E002D9993 /* Services */,
				1F651AC02C794DE5002D9993 /* Managers */,
				1F651ABA2C794D97002D9993 /* Models */,
				1F651ABB2C794D9A002D9993 /* Modules */,
				1F651ABC2C794DA4002D9993 /* CustomViews */,
				1F651ABD2C794DAD002D9993 /* Extensions */,
				1F651ABE2C794DB2002D9993 /* Resources */,
				1F651ABF2C794DB7002D9993 /* Support */,
			);
			path = ToDoList;
			sourceTree = "<group>";
		};
		1F651AB82C794D84002D9993 /* Application */ = {
			isa = PBXGroup;
			children = (
				1F651A9E2C794CFA002D9993 /* AppDelegate.swift */,
				1F651AA02C794CFA002D9993 /* SceneDelegate.swift */,
			);
			path = Application;
			sourceTree = "<group>";
		};
		1F651AB92C794D8E002D9993 /* Services */ = {
			isa = PBXGroup;
			children = (
				1F651AEA2C7A6CDD002D9993 /* NetworkService.swift */,
				1F651AF02C7A741D002D9993 /* CoreDataService.swift */,
				1F651AEE2C7A7311002D9993 /* UserDefaultsService.swift */,
			);
			path = Services;
			sourceTree = "<group>";
		};
		1F651ABA2C794D97002D9993 /* Models */ = {
			isa = PBXGroup;
			children = (
				1F651AD12C7A2F87002D9993 /* CoreData */,
				1F651AEC2C7A6D9C002D9993 /* Task.swift */,
			);
			path = Models;
			sourceTree = "<group>";
		};
		1F651ABB2C794D9A002D9993 /* Modules */ = {
			isa = PBXGroup;
			children = (
				1F651AC12C794ECF002D9993 /* Tasks */,
				1F651AC52C795053002D9993 /* Task */,
			);
			path = Modules;
			sourceTree = "<group>";
		};
		1F651ABC2C794DA4002D9993 /* CustomViews */ = {
			isa = PBXGroup;
			children = (
				1F651ADC2C7A3367002D9993 /* TDLabel.swift */,
				1F651ADE2C7A336D002D9993 /* TDButton.swift */,
			);
			path = CustomViews;
			sourceTree = "<group>";
		};
		1F651ABD2C794DAD002D9993 /* Extensions */ = {
			isa = PBXGroup;
			children = (
				1F651AFF2C7A8C98002D9993 /* UIViewController+Ext.swift */,
				1F651AD32C7A3047002D9993 /* UIView+Ext.swift */,
				1F651AD52C7A30A4002D9993 /* UITableViewCell+Ext.swift */,
				1F651AE22C7A360D002D9993 /* UIStackView+Ext.swift */,
				1F651AE02C7A33E6002D9993 /* UIFont+Ext.swift */,
				1F651AE82C7A62A0002D9993 /* Date+Ext.swift */,
			);
			path = Extensions;
			sourceTree = "<group>";
		};
		1F651ABE2C794DB2002D9993 /* Resources */ = {
			isa = PBXGroup;
			children = (
				1F651AAA2C794CFC002D9993 /* Assets.xcassets */,
			);
			path = Resources;
			sourceTree = "<group>";
		};
		1F651ABF2C794DB7002D9993 /* Support */ = {
			isa = PBXGroup;
			children = (
				1F651AAF2C794CFC002D9993 /* Info.plist */,
				1F651AAC2C794CFC002D9993 /* LaunchScreen.storyboard */,
				1F651AA72C794CFA002D9993 /* ToDoList.xcdatamodeld */,
				1F651AD72C7A30D8002D9993 /* Constants.swift */,
			);
			path = Support;
			sourceTree = "<group>";
		};
		1F651AC02C794DE5002D9993 /* Managers */ = {
			isa = PBXGroup;
			children = (
				1F651AF62C7A7E35002D9993 /* LoadingScreenManager.swift */,
			);
			path = Managers;
			sourceTree = "<group>";
		};
		1F651AC12C794ECF002D9993 /* Tasks */ = {
			isa = PBXGroup;
			children = (
				1F651AC22C794EDD002D9993 /* View */,
				1F651AF82C7A7EEC002D9993 /* Interactor */,
				1F651AF92C7A7EF1002D9993 /* Presenter */,
				1F651AFA2C7A7EF9002D9993 /* Router */,
			);
			path = Tasks;
			sourceTree = "<group>";
		};
		1F651AC22C794EDD002D9993 /* View */ = {
			isa = PBXGroup;
			children = (
				1F651AD92C7A3191002D9993 /* Cell */,
				1F651ACA2C7A2DF8002D9993 /* CustomView */,
				1F651AC32C794EFA002D9993 /* TasksViewController.swift */,
			);
			path = View;
			sourceTree = "<group>";
		};
		1F651AC52C795053002D9993 /* Task */ = {
			isa = PBXGroup;
			children = (
				1F651AC72C795065002D9993 /* View */,
			);
			path = Task;
			sourceTree = "<group>";
		};
		1F651AC72C795065002D9993 /* View */ = {
			isa = PBXGroup;
			children = (
				1F651AC82C79506F002D9993 /* TaskViewController.swift */,
			);
			path = View;
			sourceTree = "<group>";
		};
		1F651ACA2C7A2DF8002D9993 /* CustomView */ = {
			isa = PBXGroup;
			children = (
				1F651ACB2C7A2E0F002D9993 /* TasksTableViewController.swift */,
			);
			path = CustomView;
			sourceTree = "<group>";
		};
		1F651AD12C7A2F87002D9993 /* CoreData */ = {
			isa = PBXGroup;
			children = (
				1F651AF32C7A794B002D9993 /* Task+CoreDataProperties.swift */,
			);
			path = CoreData;
			sourceTree = "<group>";
		};
		1F651AD92C7A3191002D9993 /* Cell */ = {
			isa = PBXGroup;
			children = (
				1F651ADA2C7A319B002D9993 /* TaskCell.swift */,
			);
			path = Cell;
			sourceTree = "<group>";
		};
		1F651AF82C7A7EEC002D9993 /* Interactor */ = {
			isa = PBXGroup;
			children = (
				1F651AFB2C7A7F43002D9993 /* TasksInteractor.swift */,
			);
			path = Interactor;
			sourceTree = "<group>";
		};
		1F651AF92C7A7EF1002D9993 /* Presenter */ = {
			isa = PBXGroup;
			children = (
				1F651AFD2C7A88E6002D9993 /* TasksPresenter.swift */,
			);
			path = Presenter;
			sourceTree = "<group>";
		};
		1F651AFA2C7A7EF9002D9993 /* Router */ = {
			isa = PBXGroup;
			children = (
				1F651B012C7A8DA6002D9993 /* TasksRouter.swift */,
			);
			path = Router;
			sourceTree = "<group>";
		};
/* End PBXGroup section */

/* Begin PBXNativeTarget section */
		1F651A9A2C794CFA002D9993 /* ToDoList */ = {
			isa = PBXNativeTarget;
			buildConfigurationList = 1F651AB22C794CFC002D9993 /* Build configuration list for PBXNativeTarget "ToDoList" */;
			buildPhases = (
				1F651A972C794CFA002D9993 /* Sources */,
				1F651A982C794CFA002D9993 /* Frameworks */,
				1F651A992C794CFA002D9993 /* Resources */,
			);
			buildRules = (
			);
			dependencies = (
			);
			name = ToDoList;
			packageProductDependencies = (
				1F651AB62C794D6E002D9993 /* SnapKit */,
			);
			productName = ToDoList;
			productReference = 1F651A9B2C794CFA002D9993 /* ToDoList.app */;
			productType = "com.apple.product-type.application";
		};
/* End PBXNativeTarget section */

/* Begin PBXProject section */
		1F651A932C794CFA002D9993 /* Project object */ = {
			isa = PBXProject;
			attributes = {
				BuildIndependentTargetsInParallel = 1;
				LastSwiftUpdateCheck = 1540;
				LastUpgradeCheck = 1540;
				TargetAttributes = {
					1F651A9A2C794CFA002D9993 = {
						CreatedOnToolsVersion = 15.4;
					};
				};
			};
			buildConfigurationList = 1F651A962C794CFA002D9993 /* Build configuration list for PBXProject "ToDoList" */;
			compatibilityVersion = "Xcode 14.0";
			developmentRegion = en;
			hasScannedForEncodings = 0;
			knownRegions = (
				en,
				Base,
			);
			mainGroup = 1F651A922C794CFA002D9993;
			packageReferences = (
				1F651AB52C794D6E002D9993 /* XCRemoteSwiftPackageReference "SnapKit" */,
			);
			productRefGroup = 1F651A9C2C794CFA002D9993 /* Products */;
			projectDirPath = "";
			projectRoot = "";
			targets = (
				1F651A9A2C794CFA002D9993 /* ToDoList */,
			);
		};
/* End PBXProject section */

/* Begin PBXResourcesBuildPhase section */
		1F651A992C794CFA002D9993 /* Resources */ = {
			isa = PBXResourcesBuildPhase;
			buildActionMask = 2147483647;
			files = (
				1F651AAB2C794CFC002D9993 /* Assets.xcassets in Resources */,
				1F651AAE2C794CFC002D9993 /* Base in Resources */,
			);
			runOnlyForDeploymentPostprocessing = 0;
		};
/* End PBXResourcesBuildPhase section */

/* Begin PBXSourcesBuildPhase section */
		1F651A972C794CFA002D9993 /* Sources */ = {
			isa = PBXSourcesBuildPhase;
			buildActionMask = 2147483647;
			files = (
				1F651AE12C7A33E6002D9993 /* UIFont+Ext.swift in Sources */,
				1F651AD42C7A3047002D9993 /* UIView+Ext.swift in Sources */,
				1F651AD62C7A30A4002D9993 /* UITableViewCell+Ext.swift in Sources */,
				1F651AE92C7A62A0002D9993 /* Date+Ext.swift in Sources */,
				1F651A9F2C794CFA002D9993 /* AppDelegate.swift in Sources */,
				1F651AEB2C7A6CDD002D9993 /* NetworkService.swift in Sources */,
				1F651ADF2C7A336D002D9993 /* TDButton.swift in Sources */,
				1F651AA12C794CFA002D9993 /* SceneDelegate.swift in Sources */,
				1F651AF52C7A794B002D9993 /* Task+CoreDataProperties.swift in Sources */,
				1F651AFC2C7A7F43002D9993 /* TasksInteractor.swift in Sources */,
				1F651AE32C7A360D002D9993 /* UIStackView+Ext.swift in Sources */,
				1F651AF72C7A7E35002D9993 /* LoadingScreenManager.swift in Sources */,
				1F651B022C7A8DA6002D9993 /* TasksRouter.swift in Sources */,
				1F651ADD2C7A3367002D9993 /* TDLabel.swift in Sources */,
				1F651AC92C79506F002D9993 /* TaskViewController.swift in Sources */,
				1F651B002C7A8C98002D9993 /* UIViewController+Ext.swift in Sources */,
				1F651AD82C7A30D8002D9993 /* Constants.swift in Sources */,
				1F651AFE2C7A88E6002D9993 /* TasksPresenter.swift in Sources */,
				1F651AF12C7A741D002D9993 /* CoreDataService.swift in Sources */,
				1F651AA92C794CFA002D9993 /* ToDoList.xcdatamodeld in Sources */,
				1F651ADB2C7A319B002D9993 /* TaskCell.swift in Sources */,
				1F651ACC2C7A2E0F002D9993 /* TasksTableViewController.swift in Sources */,
				1F651AEF2C7A7311002D9993 /* UserDefaultsService.swift in Sources */,
				1F651AED2C7A6D9C002D9993 /* Task.swift in Sources */,
				1F651AC42C794EFA002D9993 /* TasksViewController.swift in Sources */,
			);
			runOnlyForDeploymentPostprocessing = 0;
		};
/* End PBXSourcesBuildPhase section */

/* Begin PBXVariantGroup section */
		1F651AAC2C794CFC002D9993 /* LaunchScreen.storyboard */ = {
			isa = PBXVariantGroup;
			children = (
				1F651AAD2C794CFC002D9993 /* Base */,
			);
			name = LaunchScreen.storyboard;
			sourceTree = "<group>";
		};
/* End PBXVariantGroup section */

/* Begin XCBuildConfiguration section */
		1F651AB02C794CFC002D9993 /* Debug */ = {
			isa = XCBuildConfiguration;
			buildSettings = {
				ALWAYS_SEARCH_USER_PATHS = NO;
				ASSETCATALOG_COMPILER_GENERATE_SWIFT_ASSET_SYMBOL_EXTENSIONS = YES;
				CLANG_ANALYZER_NONNULL = YES;
				CLANG_ANALYZER_NUMBER_OBJECT_CONVERSION = YES_AGGRESSIVE;
				CLANG_CXX_LANGUAGE_STANDARD = "gnu++20";
				CLANG_ENABLE_MODULES = YES;
				CLANG_ENABLE_OBJC_ARC = YES;
				CLANG_ENABLE_OBJC_WEAK = YES;
				CLANG_WARN_BLOCK_CAPTURE_AUTORELEASING = YES;
				CLANG_WARN_BOOL_CONVERSION = YES;
				CLANG_WARN_COMMA = YES;
				CLANG_WARN_CONSTANT_CONVERSION = YES;
				CLANG_WARN_DEPRECATED_OBJC_IMPLEMENTATIONS = YES;
				CLANG_WARN_DIRECT_OBJC_ISA_USAGE = YES_ERROR;
				CLANG_WARN_DOCUMENTATION_COMMENTS = YES;
				CLANG_WARN_EMPTY_BODY = YES;
				CLANG_WARN_ENUM_CONVERSION = YES;
				CLANG_WARN_INFINITE_RECURSION = YES;
				CLANG_WARN_INT_CONVERSION = YES;
				CLANG_WARN_NON_LITERAL_NULL_CONVERSION = YES;
				CLANG_WARN_OBJC_IMPLICIT_RETAIN_SELF = YES;
				CLANG_WARN_OBJC_LITERAL_CONVERSION = YES;
				CLANG_WARN_OBJC_ROOT_CLASS = YES_ERROR;
				CLANG_WARN_QUOTED_INCLUDE_IN_FRAMEWORK_HEADER = YES;
				CLANG_WARN_RANGE_LOOP_ANALYSIS = YES;
				CLANG_WARN_STRICT_PROTOTYPES = YES;
				CLANG_WARN_SUSPICIOUS_MOVE = YES;
				CLANG_WARN_UNGUARDED_AVAILABILITY = YES_AGGRESSIVE;
				CLANG_WARN_UNREACHABLE_CODE = YES;
				CLANG_WARN__DUPLICATE_METHOD_MATCH = YES;
				COPY_PHASE_STRIP = NO;
				DEBUG_INFORMATION_FORMAT = dwarf;
				ENABLE_STRICT_OBJC_MSGSEND = YES;
				ENABLE_TESTABILITY = YES;
				ENABLE_USER_SCRIPT_SANDBOXING = YES;
				GCC_C_LANGUAGE_STANDARD = gnu17;
				GCC_DYNAMIC_NO_PIC = NO;
				GCC_NO_COMMON_BLOCKS = YES;
				GCC_OPTIMIZATION_LEVEL = 0;
				GCC_PREPROCESSOR_DEFINITIONS = (
					"DEBUG=1",
					"$(inherited)",
				);
				GCC_WARN_64_TO_32_BIT_CONVERSION = YES;
				GCC_WARN_ABOUT_RETURN_TYPE = YES_ERROR;
				GCC_WARN_UNDECLARED_SELECTOR = YES;
				GCC_WARN_UNINITIALIZED_AUTOS = YES_AGGRESSIVE;
				GCC_WARN_UNUSED_FUNCTION = YES;
				GCC_WARN_UNUSED_VARIABLE = YES;
				IPHONEOS_DEPLOYMENT_TARGET = 17.0;
				LOCALIZATION_PREFERS_STRING_CATALOGS = YES;
				MTL_ENABLE_DEBUG_INFO = INCLUDE_SOURCE;
				MTL_FAST_MATH = YES;
				ONLY_ACTIVE_ARCH = YES;
				SDKROOT = iphoneos;
				SWIFT_ACTIVE_COMPILATION_CONDITIONS = "DEBUG $(inherited)";
				SWIFT_OPTIMIZATION_LEVEL = "-Onone";
			};
			name = Debug;
		};
		1F651AB12C794CFC002D9993 /* Release */ = {
			isa = XCBuildConfiguration;
			buildSettings = {
				ALWAYS_SEARCH_USER_PATHS = NO;
				ASSETCATALOG_COMPILER_GENERATE_SWIFT_ASSET_SYMBOL_EXTENSIONS = YES;
				CLANG_ANALYZER_NONNULL = YES;
				CLANG_ANALYZER_NUMBER_OBJECT_CONVERSION = YES_AGGRESSIVE;
				CLANG_CXX_LANGUAGE_STANDARD = "gnu++20";
				CLANG_ENABLE_MODULES = YES;
				CLANG_ENABLE_OBJC_ARC = YES;
				CLANG_ENABLE_OBJC_WEAK = YES;
				CLANG_WARN_BLOCK_CAPTURE_AUTORELEASING = YES;
				CLANG_WARN_BOOL_CONVERSION = YES;
				CLANG_WARN_COMMA = YES;
				CLANG_WARN_CONSTANT_CONVERSION = YES;
				CLANG_WARN_DEPRECATED_OBJC_IMPLEMENTATIONS = YES;
				CLANG_WARN_DIRECT_OBJC_ISA_USAGE = YES_ERROR;
				CLANG_WARN_DOCUMENTATION_COMMENTS = YES;
				CLANG_WARN_EMPTY_BODY = YES;
				CLANG_WARN_ENUM_CONVERSION = YES;
				CLANG_WARN_INFINITE_RECURSION = YES;
				CLANG_WARN_INT_CONVERSION = YES;
				CLANG_WARN_NON_LITERAL_NULL_CONVERSION = YES;
				CLANG_WARN_OBJC_IMPLICIT_RETAIN_SELF = YES;
				CLANG_WARN_OBJC_LITERAL_CONVERSION = YES;
				CLANG_WARN_OBJC_ROOT_CLASS = YES_ERROR;
				CLANG_WARN_QUOTED_INCLUDE_IN_FRAMEWORK_HEADER = YES;
				CLANG_WARN_RANGE_LOOP_ANALYSIS = YES;
				CLANG_WARN_STRICT_PROTOTYPES = YES;
				CLANG_WARN_SUSPICIOUS_MOVE = YES;
				CLANG_WARN_UNGUARDED_AVAILABILITY = YES_AGGRESSIVE;
				CLANG_WARN_UNREACHABLE_CODE = YES;
				CLANG_WARN__DUPLICATE_METHOD_MATCH = YES;
				COPY_PHASE_STRIP = NO;
				DEBUG_INFORMATION_FORMAT = "dwarf-with-dsym";
				ENABLE_NS_ASSERTIONS = NO;
				ENABLE_STRICT_OBJC_MSGSEND = YES;
				ENABLE_USER_SCRIPT_SANDBOXING = YES;
				GCC_C_LANGUAGE_STANDARD = gnu17;
				GCC_NO_COMMON_BLOCKS = YES;
				GCC_WARN_64_TO_32_BIT_CONVERSION = YES;
				GCC_WARN_ABOUT_RETURN_TYPE = YES_ERROR;
				GCC_WARN_UNDECLARED_SELECTOR = YES;
				GCC_WARN_UNINITIALIZED_AUTOS = YES_AGGRESSIVE;
				GCC_WARN_UNUSED_FUNCTION = YES;
				GCC_WARN_UNUSED_VARIABLE = YES;
				IPHONEOS_DEPLOYMENT_TARGET = 17.0;
				LOCALIZATION_PREFERS_STRING_CATALOGS = YES;
				MTL_ENABLE_DEBUG_INFO = NO;
				MTL_FAST_MATH = YES;
				SDKROOT = iphoneos;
				SWIFT_COMPILATION_MODE = wholemodule;
				VALIDATE_PRODUCT = YES;
			};
			name = Release;
		};
		1F651AB32C794CFC002D9993 /* Debug */ = {
			isa = XCBuildConfiguration;
			buildSettings = {
				ASSETCATALOG_COMPILER_APPICON_NAME = AppIcon;
				ASSETCATALOG_COMPILER_GLOBAL_ACCENT_COLOR_NAME = AccentColor;
				CODE_SIGN_STYLE = Automatic;
				CURRENT_PROJECT_VERSION = 1;
				DEVELOPMENT_TEAM = 7BA72396CU;
				GENERATE_INFOPLIST_FILE = YES;
				INFOPLIST_FILE = ToDoList/Support/Info.plist;
				INFOPLIST_KEY_CFBundleDisplayName = "ToDo List";
				INFOPLIST_KEY_LSApplicationCategoryType = "public.app-category.productivity";
				INFOPLIST_KEY_UIApplicationSupportsIndirectInputEvents = YES;
				INFOPLIST_KEY_UILaunchStoryboardName = LaunchScreen;
				INFOPLIST_KEY_UISupportedInterfaceOrientations = UIInterfaceOrientationPortrait;
				INFOPLIST_KEY_UISupportedInterfaceOrientations_iPad = "UIInterfaceOrientationLandscapeLeft UIInterfaceOrientationLandscapeRight UIInterfaceOrientationPortrait UIInterfaceOrientationPortraitUpsideDown";
				INFOPLIST_KEY_UIUserInterfaceStyle = Light;
				IPHONEOS_DEPLOYMENT_TARGET = 17.0;
				LD_RUNPATH_SEARCH_PATHS = (
					"$(inherited)",
					"@executable_path/Frameworks",
				);
				MARKETING_VERSION = 1.0.0;
				PRODUCT_BUNDLE_IDENTIFIER = com.nurbekios.todolist;
				PRODUCT_NAME = "$(TARGET_NAME)";
				SUPPORTED_PLATFORMS = "iphoneos iphonesimulator";
				SUPPORTS_MACCATALYST = NO;
				SWIFT_EMIT_LOC_STRINGS = YES;
				SWIFT_VERSION = 5.0;
				TARGETED_DEVICE_FAMILY = 1;
			};
			name = Debug;
		};
		1F651AB42C794CFC002D9993 /* Release */ = {
			isa = XCBuildConfiguration;
			buildSettings = {
				ASSETCATALOG_COMPILER_APPICON_NAME = AppIcon;
				ASSETCATALOG_COMPILER_GLOBAL_ACCENT_COLOR_NAME = AccentColor;
				CODE_SIGN_STYLE = Automatic;
				CURRENT_PROJECT_VERSION = 1;
				DEVELOPMENT_TEAM = 7BA72396CU;
				GENERATE_INFOPLIST_FILE = YES;
				INFOPLIST_FILE = ToDoList/Support/Info.plist;
				INFOPLIST_KEY_CFBundleDisplayName = "ToDo List";
				INFOPLIST_KEY_LSApplicationCategoryType = "public.app-category.productivity";
				INFOPLIST_KEY_UIApplicationSupportsIndirectInputEvents = YES;
				INFOPLIST_KEY_UILaunchStoryboardName = LaunchScreen;
				INFOPLIST_KEY_UISupportedInterfaceOrientations = UIInterfaceOrientationPortrait;
				INFOPLIST_KEY_UISupportedInterfaceOrientations_iPad = "UIInterfaceOrientationLandscapeLeft UIInterfaceOrientationLandscapeRight UIInterfaceOrientationPortrait UIInterfaceOrientationPortraitUpsideDown";
				INFOPLIST_KEY_UIUserInterfaceStyle = Light;
				IPHONEOS_DEPLOYMENT_TARGET = 17.0;
				LD_RUNPATH_SEARCH_PATHS = (
					"$(inherited)",
					"@executable_path/Frameworks",
				);
				MARKETING_VERSION = 1.0.0;
				PRODUCT_BUNDLE_IDENTIFIER = com.nurbekios.todolist;
				PRODUCT_NAME = "$(TARGET_NAME)";
				SUPPORTED_PLATFORMS = "iphoneos iphonesimulator";
				SUPPORTS_MACCATALYST = NO;
				SWIFT_EMIT_LOC_STRINGS = YES;
				SWIFT_VERSION = 5.0;
				TARGETED_DEVICE_FAMILY = 1;
			};
			name = Release;
		};
/* End XCBuildConfiguration section */

/* Begin XCConfigurationList section */
		1F651A962C794CFA002D9993 /* Build configuration list for PBXProject "ToDoList" */ = {
			isa = XCConfigurationList;
			buildConfigurations = (
				1F651AB02C794CFC002D9993 /* Debug */,
				1F651AB12C794CFC002D9993 /* Release */,
			);
			defaultConfigurationIsVisible = 0;
			defaultConfigurationName = Release;
		};
		1F651AB22C794CFC002D9993 /* Build configuration list for PBXNativeTarget "ToDoList" */ = {
			isa = XCConfigurationList;
			buildConfigurations = (
				1F651AB32C794CFC002D9993 /* Debug */,
				1F651AB42C794CFC002D9993 /* Release */,
			);
			defaultConfigurationIsVisible = 0;
			defaultConfigurationName = Release;
		};
/* End XCConfigurationList section */

/* Begin XCRemoteSwiftPackageReference section */
		1F651AB52C794D6E002D9993 /* XCRemoteSwiftPackageReference "SnapKit" */ = {
			isa = XCRemoteSwiftPackageReference;
			repositoryURL = "https://github.com/SnapKit/SnapKit";
			requirement = {
				kind = upToNextMajorVersion;
				minimumVersion = 5.7.1;
			};
		};
/* End XCRemoteSwiftPackageReference section */

/* Begin XCSwiftPackageProductDependency section */
		1F651AB62C794D6E002D9993 /* SnapKit */ = {
			isa = XCSwiftPackageProductDependency;
			package = 1F651AB52C794D6E002D9993 /* XCRemoteSwiftPackageReference "SnapKit" */;
			productName = SnapKit;
		};
/* End XCSwiftPackageProductDependency section */

/* Begin XCVersionGroup section */
		1F651AA72C794CFA002D9993 /* ToDoList.xcdatamodeld */ = {
			isa = XCVersionGroup;
			children = (
				1F651AA82C794CFA002D9993 /* ToDoList.xcdatamodel */,
			);
			currentVersion = 1F651AA82C794CFA002D9993 /* ToDoList.xcdatamodel */;
			path = ToDoList.xcdatamodeld;
			sourceTree = "<group>";
			versionGroupType = wrapper.xcdatamodel;
		};
/* End XCVersionGroup section */
	};
	rootObject = 1F651A932C794CFA002D9993 /* Project object */;
}
